
Microsoft Visual Studio Solution File, Format Version 12.00
# Visual Studio Version 17
VisualStudioVersion = 17.13.35931.197
MinimumVisualStudioVersion = 10.0.40219.1
Project("{FAE04EC0-301F-11D3-BF4B-00C04F79EFBC}") = "Chefer.API", "Chefer.API\Chefer.API.csproj", "{58E16B8A-4F6F-4B37-A6B5-8AC7D2AC3D03}"
EndProject
Project("{FAE04EC0-301F-11D3-BF4B-00C04F79EFBC}") = "Chefer.WebUI", "Chefer.WebUI\Chefer.WebUI.csproj", "{90D809FE-7550-4497-BD86-04B9FF9319FB}"
EndProject
Global
	GlobalSection(SolutionConfigurationPlatforms) = preSolution
		Debug|Any CPU = Debug|Any CPU
		Release|Any CPU = Release|Any CPU
	EndGlobalSection
	GlobalSection(ProjectConfigurationPlatforms) = postSolution
		{58E16B8A-4F6F-4B37-A6B5-8AC7D2AC3D03}.Debug|Any CPU.ActiveCfg = Debug|Any CPU
		{58E16B8A-4F6F-4B37-A6B5-8AC7D2AC3D03}.Debug|Any CPU.Build.0 = Debug|Any CPU
		{58E16B8A-4F6F-4B37-A6B5-8AC7D2AC3D03}.Release|Any CPU.ActiveCfg = Release|Any CPU
		{58E16B8A-4F6F-4B37-A6B5-8AC7D2AC3D03}.Release|Any CPU.Build.0 = Release|Any CPU
		{90D809FE-7550-4497-BD86-04B9FF9319FB}.Debug|Any CPU.ActiveCfg = Debug|Any CPU
		{90D809FE-7550-4497-BD86-04B9FF9319FB}.Debug|Any CPU.Build.0 = Debug|Any CPU
		{90D809FE-7550-4497-BD86-04B9FF9319FB}.Release|Any CPU.ActiveCfg = Release|Any CPU
		{90D809FE-7550-4497-BD86-04B9FF9319FB}.Release|Any CPU.Build.0 = Release|Any CPU
	EndGlobalSection
	GlobalSection(SolutionProperties) = preSolution
		HideSolutionNode = FALSE
	EndGlobalSection
	GlobalSection(ExtensibilityGlobals) = postSolution
		SolutionGuid = {AEE197C2-B592-4113-8717-E56D40649E23}
	EndGlobalSection
EndGlobal
